
Microsoft Visual Studio Solution File, Format Version 12.00
# Visual Studio Version 17
VisualStudioVersion = 17.0.31903.59
MinimumVisualStudioVersion = 10.0.40219.1
Project("{FAE04EC0-301F-11D3-BF4B-00C04F79EFBC}") = "TP357", "TP357\TP357.csproj", "{D9908542-7DB8-4790-BCCE-50841DB55E59}"
EndProject
Project("{FAE04EC0-301F-11D3-BF4B-00C04F79EFBC}") = "TP357.Example", "TP357.Example\TP357.Example.csproj", "{5116B382-6190-4163-AFDC-155ACAF1968F}"
EndProject
Global
	GlobalSection(SolutionProperties) = preSolution
		HideSolutionNode = FALSE
	EndGlobalSection
	GlobalSection(SolutionConfigurationPlatforms) = preSolution
		Debug|Any CPU = Debug|Any CPU
		Debug|x64 = Debug|x64
		Debug|x86 = Debug|x86
		Release|Any CPU = Release|Any CPU
		Release|x64 = Release|x64
		Release|x86 = Release|x86
	EndGlobalSection
	GlobalSection(ProjectConfigurationPlatforms) = postSolution
		{D9908542-7DB8-4790-BCCE-50841DB55E59}.Debug|Any CPU.ActiveCfg = Debug|Any CPU
		{D9908542-7DB8-4790-BCCE-50841DB55E59}.Debug|Any CPU.Build.0 = Debug|Any CPU
		{D9908542-7DB8-4790-BCCE-50841DB55E59}.Debug|x64.ActiveCfg = Debug|Any CPU
		{D9908542-7DB8-4790-BCCE-50841DB55E59}.Debug|x64.Build.0 = Debug|Any CPU
		{D9908542-7DB8-4790-BCCE-50841DB55E59}.Debug|x86.ActiveCfg = Debug|Any CPU
		{D9908542-7DB8-4790-BCCE-50841DB55E59}.Debug|x86.Build.0 = Debug|Any CPU
		{D9908542-7DB8-4790-BCCE-50841DB55E59}.Release|Any CPU.ActiveCfg = Release|Any CPU
		{D9908542-7DB8-4790-BCCE-50841DB55E59}.Release|Any CPU.Build.0 = Release|Any CPU
		{D9908542-7DB8-4790-BCCE-50841DB55E59}.Release|x64.ActiveCfg = Release|Any CPU
		{D9908542-7DB8-4790-BCCE-50841DB55E59}.Release|x64.Build.0 = Release|Any CPU
		{D9908542-7DB8-4790-BCCE-50841DB55E59}.Release|x86.ActiveCfg = Release|Any CPU
		{D9908542-7DB8-4790-BCCE-50841DB55E59}.Release|x86.Build.0 = Release|Any CPU
		{5116B382-6190-4163-AFDC-155ACAF1968F}.Debug|Any CPU.ActiveCfg = Debug|Any CPU
		{5116B382-6190-4163-AFDC-155ACAF1968F}.Debug|Any CPU.Build.0 = Debug|Any CPU
		{5116B382-6190-4163-AFDC-155ACAF1968F}.Debug|x64.ActiveCfg = Debug|Any CPU
		{5116B382-6190-4163-AFDC-155ACAF1968F}.Debug|x64.Build.0 = Debug|Any CPU
		{5116B382-6190-4163-AFDC-155ACAF1968F}.Debug|x86.ActiveCfg = Debug|Any CPU
		{5116B382-6190-4163-AFDC-155ACAF1968F}.Debug|x86.Build.0 = Debug|Any CPU
		{5116B382-6190-4163-AFDC-155ACAF1968F}.Release|Any CPU.ActiveCfg = Release|Any CPU
		{5116B382-6190-4163-AFDC-155ACAF1968F}.Release|Any CPU.Build.0 = Release|Any CPU
		{5116B382-6190-4163-AFDC-155ACAF1968F}.Release|x64.ActiveCfg = Release|Any CPU
		{5116B382-6190-4163-AFDC-155ACAF1968F}.Release|x64.Build.0 = Release|Any CPU
		{5116B382-6190-4163-AFDC-155ACAF1968F}.Release|x86.ActiveCfg = Release|Any CPU
		{5116B382-6190-4163-AFDC-155ACAF1968F}.Release|x86.Build.0 = Release|Any CPU
	EndGlobalSection
EndGlobal
